
Microsoft Visual Studio Solution File, Format Version 12.00
# Visual Studio Version 17
VisualStudioVersion = 17.4.33213.308
MinimumVisualStudioVersion = 10.0.40219.1
Project("{FAE04EC0-301F-11D3-BF4B-00C04F79EFBC}") = "API", "API\API.csproj", "{3609CFAF-799C-49A8-90A8-B6AA073D3F49}"
EndProject
Project("{FAE04EC0-301F-11D3-BF4B-00C04F79EFBC}") = "SVModel", "SVModel\SVModel.csproj", "{118AEE78-1275-45F6-A778-B66143D8E5BF}"
EndProject
Global
	GlobalSection(SolutionConfigurationPlatforms) = preSolution
		Debug|Any CPU = Debug|Any CPU
		Release|Any CPU = Release|Any CPU
	EndGlobalSection
	GlobalSection(ProjectConfigurationPlatforms) = postSolution
		{3609CFAF-799C-49A8-90A8-B6AA073D3F49}.Debug|Any CPU.ActiveCfg = Debug|Any CPU
		{3609CFAF-799C-49A8-90A8-B6AA073D3F49}.Debug|Any CPU.Build.0 = Debug|Any CPU
		{3609CFAF-799C-49A8-90A8-B6AA073D3F49}.Release|Any CPU.ActiveCfg = Release|Any CPU
		{3609CFAF-799C-49A8-90A8-B6AA073D3F49}.Release|Any CPU.Build.0 = Release|Any CPU
		{118AEE78-1275-45F6-A778-B66143D8E5BF}.Debug|Any CPU.ActiveCfg = Debug|Any CPU
		{118AEE78-1275-45F6-A778-B66143D8E5BF}.Debug|Any CPU.Build.0 = Debug|Any CPU
		{118AEE78-1275-45F6-A778-B66143D8E5BF}.Release|Any CPU.ActiveCfg = Release|Any CPU
		{118AEE78-1275-45F6-A778-B66143D8E5BF}.Release|Any CPU.Build.0 = Release|Any CPU
	EndGlobalSection
	GlobalSection(SolutionProperties) = preSolution
		HideSolutionNode = FALSE
	EndGlobalSection
	GlobalSection(ExtensibilityGlobals) = postSolution
		SolutionGuid = {91C649E3-E589-4E54-88B9-C5D666B0BB8B}
	EndGlobalSection
EndGlobal
